
Microsoft Visual Studio Solution File, Format Version 12.00
Project("{FAE04EC0-301F-11D3-BF4B-00C04F79EFBC}") = "single.responsibility.principle", "single.responsibility.principle\single.responsibility.principle.csproj", "{C6695DD1-559A-4F56-9091-D6953D55922D}"
EndProject
Project("{FAE04EC0-301F-11D3-BF4B-00C04F79EFBC}") = "open.closed.principle", "open.closed.principle\open.closed.principle.csproj", "{5CAF5D73-B77F-4368-91C8-6280F5D3E8A4}"
EndProject
Project("{FAE04EC0-301F-11D3-BF4B-00C04F79EFBC}") = "lizkov.substitution", "lizkov.substitution\lizkov.substitution.csproj", "{C0B0465B-B3B8-4F53-8812-B8A870A1EF69}"
EndProject
Project("{FAE04EC0-301F-11D3-BF4B-00C04F79EFBC}") = "interface.segregation.principle", "interface.segregation.principle\interface.segregation.principle.csproj", "{2891B73E-C529-4D1F-837D-185240B5FF5A}"
EndProject
Project("{FAE04EC0-301F-11D3-BF4B-00C04F79EFBC}") = "dependency.inversion.principle", "dependency.inversion.principle\dependency.inversion.principle.csproj", "{F6605830-5A29-4AAE-871F-A4F2E294B1A5}"
EndProject
Project("{FAE04EC0-301F-11D3-BF4B-00C04F79EFBC}") = "builder", "builder\builder.csproj", "{3A6B9EC5-285C-4871-ADE7-56EA428F6539}"
EndProject
Project("{FAE04EC0-301F-11D3-BF4B-00C04F79EFBC}") = "factory", "factory\factory.csproj", "{6996FEA2-815B-4D53-9CBA-7886597D488C}"
EndProject
Project("{FAE04EC0-301F-11D3-BF4B-00C04F79EFBC}") = "prototype", "prototype\prototype.csproj", "{ECC9F8EC-010E-435F-9EF3-809431A7F92F}"
EndProject
Project("{FAE04EC0-301F-11D3-BF4B-00C04F79EFBC}") = "singleton", "singleton\singleton.csproj", "{71EB30A4-3816-4E03-9D2A-A755A4323191}"
EndProject
Project("{FAE04EC0-301F-11D3-BF4B-00C04F79EFBC}") = "singleton.tests", "singleton.tests\singleton.tests.csproj", "{3AEB35CD-1C80-4400-9022-9D47DF25E7E1}"
EndProject
Project("{FAE04EC0-301F-11D3-BF4B-00C04F79EFBC}") = "adapter", "adapter\adapter.csproj", "{706D0A2F-ABB6-4BF0-B55E-247B0EE92622}"
EndProject
Project("{FAE04EC0-301F-11D3-BF4B-00C04F79EFBC}") = "bridge", "bridge\bridge.csproj", "{C2542219-2301-48DA-AED4-CA4989568F7D}"
EndProject
Global
	GlobalSection(SolutionConfigurationPlatforms) = preSolution
		Debug|Any CPU = Debug|Any CPU
		Release|Any CPU = Release|Any CPU
	EndGlobalSection
	GlobalSection(ProjectConfigurationPlatforms) = postSolution
		{C6695DD1-559A-4F56-9091-D6953D55922D}.Debug|Any CPU.ActiveCfg = Debug|Any CPU
		{C6695DD1-559A-4F56-9091-D6953D55922D}.Debug|Any CPU.Build.0 = Debug|Any CPU
		{C6695DD1-559A-4F56-9091-D6953D55922D}.Release|Any CPU.ActiveCfg = Release|Any CPU
		{C6695DD1-559A-4F56-9091-D6953D55922D}.Release|Any CPU.Build.0 = Release|Any CPU
		{5CAF5D73-B77F-4368-91C8-6280F5D3E8A4}.Debug|Any CPU.ActiveCfg = Debug|Any CPU
		{5CAF5D73-B77F-4368-91C8-6280F5D3E8A4}.Debug|Any CPU.Build.0 = Debug|Any CPU
		{5CAF5D73-B77F-4368-91C8-6280F5D3E8A4}.Release|Any CPU.ActiveCfg = Release|Any CPU
		{5CAF5D73-B77F-4368-91C8-6280F5D3E8A4}.Release|Any CPU.Build.0 = Release|Any CPU
		{C0B0465B-B3B8-4F53-8812-B8A870A1EF69}.Debug|Any CPU.ActiveCfg = Debug|Any CPU
		{C0B0465B-B3B8-4F53-8812-B8A870A1EF69}.Debug|Any CPU.Build.0 = Debug|Any CPU
		{C0B0465B-B3B8-4F53-8812-B8A870A1EF69}.Release|Any CPU.ActiveCfg = Release|Any CPU
		{C0B0465B-B3B8-4F53-8812-B8A870A1EF69}.Release|Any CPU.Build.0 = Release|Any CPU
		{2891B73E-C529-4D1F-837D-185240B5FF5A}.Debug|Any CPU.ActiveCfg = Debug|Any CPU
		{2891B73E-C529-4D1F-837D-185240B5FF5A}.Debug|Any CPU.Build.0 = Debug|Any CPU
		{2891B73E-C529-4D1F-837D-185240B5FF5A}.Release|Any CPU.ActiveCfg = Release|Any CPU
		{2891B73E-C529-4D1F-837D-185240B5FF5A}.Release|Any CPU.Build.0 = Release|Any CPU
		{F6605830-5A29-4AAE-871F-A4F2E294B1A5}.Debug|Any CPU.ActiveCfg = Debug|Any CPU
		{F6605830-5A29-4AAE-871F-A4F2E294B1A5}.Debug|Any CPU.Build.0 = Debug|Any CPU
		{F6605830-5A29-4AAE-871F-A4F2E294B1A5}.Release|Any CPU.ActiveCfg = Release|Any CPU
		{F6605830-5A29-4AAE-871F-A4F2E294B1A5}.Release|Any CPU.Build.0 = Release|Any CPU
		{3A6B9EC5-285C-4871-ADE7-56EA428F6539}.Debug|Any CPU.ActiveCfg = Debug|Any CPU
		{3A6B9EC5-285C-4871-ADE7-56EA428F6539}.Debug|Any CPU.Build.0 = Debug|Any CPU
		{3A6B9EC5-285C-4871-ADE7-56EA428F6539}.Release|Any CPU.ActiveCfg = Release|Any CPU
		{3A6B9EC5-285C-4871-ADE7-56EA428F6539}.Release|Any CPU.Build.0 = Release|Any CPU
		{6996FEA2-815B-4D53-9CBA-7886597D488C}.Debug|Any CPU.ActiveCfg = Debug|Any CPU
		{6996FEA2-815B-4D53-9CBA-7886597D488C}.Debug|Any CPU.Build.0 = Debug|Any CPU
		{6996FEA2-815B-4D53-9CBA-7886597D488C}.Release|Any CPU.ActiveCfg = Release|Any CPU
		{6996FEA2-815B-4D53-9CBA-7886597D488C}.Release|Any CPU.Build.0 = Release|Any CPU
		{ECC9F8EC-010E-435F-9EF3-809431A7F92F}.Debug|Any CPU.ActiveCfg = Debug|Any CPU
		{ECC9F8EC-010E-435F-9EF3-809431A7F92F}.Debug|Any CPU.Build.0 = Debug|Any CPU
		{ECC9F8EC-010E-435F-9EF3-809431A7F92F}.Release|Any CPU.ActiveCfg = Release|Any CPU
		{ECC9F8EC-010E-435F-9EF3-809431A7F92F}.Release|Any CPU.Build.0 = Release|Any CPU
		{71EB30A4-3816-4E03-9D2A-A755A4323191}.Debug|Any CPU.ActiveCfg = Debug|Any CPU
		{71EB30A4-3816-4E03-9D2A-A755A4323191}.Debug|Any CPU.Build.0 = Debug|Any CPU
		{71EB30A4-3816-4E03-9D2A-A755A4323191}.Release|Any CPU.ActiveCfg = Release|Any CPU
		{71EB30A4-3816-4E03-9D2A-A755A4323191}.Release|Any CPU.Build.0 = Release|Any CPU
		{3AEB35CD-1C80-4400-9022-9D47DF25E7E1}.Debug|Any CPU.ActiveCfg = Debug|Any CPU
		{3AEB35CD-1C80-4400-9022-9D47DF25E7E1}.Debug|Any CPU.Build.0 = Debug|Any CPU
		{3AEB35CD-1C80-4400-9022-9D47DF25E7E1}.Release|Any CPU.ActiveCfg = Release|Any CPU
		{3AEB35CD-1C80-4400-9022-9D47DF25E7E1}.Release|Any CPU.Build.0 = Release|Any CPU
		{706D0A2F-ABB6-4BF0-B55E-247B0EE92622}.Debug|Any CPU.ActiveCfg = Debug|Any CPU
		{706D0A2F-ABB6-4BF0-B55E-247B0EE92622}.Debug|Any CPU.Build.0 = Debug|Any CPU
		{706D0A2F-ABB6-4BF0-B55E-247B0EE92622}.Release|Any CPU.ActiveCfg = Release|Any CPU
		{706D0A2F-ABB6-4BF0-B55E-247B0EE92622}.Release|Any CPU.Build.0 = Release|Any CPU
		{C2542219-2301-48DA-AED4-CA4989568F7D}.Debug|Any CPU.ActiveCfg = Debug|Any CPU
		{C2542219-2301-48DA-AED4-CA4989568F7D}.Debug|Any CPU.Build.0 = Debug|Any CPU
		{C2542219-2301-48DA-AED4-CA4989568F7D}.Release|Any CPU.ActiveCfg = Release|Any CPU
		{C2542219-2301-48DA-AED4-CA4989568F7D}.Release|Any CPU.Build.0 = Release|Any CPU
	EndGlobalSection
EndGlobal
