
Microsoft Visual Studio Solution File, Format Version 12.00
Project("{FAE04EC0-301F-11D3-BF4B-00C04F79EFBC}") = "single.responsibility.principle", "single.responsibility.principle\single.responsibility.principle.csproj", "{C6695DD1-559A-4F56-9091-D6953D55922D}"
EndProject
Project("{FAE04EC0-301F-11D3-BF4B-00C04F79EFBC}") = "open.closed.principle", "open.closed.principle\open.closed.principle.csproj", "{5CAF5D73-B77F-4368-91C8-6280F5D3E8A4}"
EndProject
Project("{FAE04EC0-301F-11D3-BF4B-00C04F79EFBC}") = "lizkov.substitution", "lizkov.substitution\lizkov.substitution.csproj", "{C0B0465B-B3B8-4F53-8812-B8A870A1EF69}"
EndProject
Project("{FAE04EC0-301F-11D3-BF4B-00C04F79EFBC}") = "interface.segregation.principle", "interface.segregation.principle\interface.segregation.principle.csproj", "{2891B73E-C529-4D1F-837D-185240B5FF5A}"
EndProject
Global
	GlobalSection(SolutionConfigurationPlatforms) = preSolution
		Debug|Any CPU = Debug|Any CPU
		Release|Any CPU = Release|Any CPU
	EndGlobalSection
	GlobalSection(ProjectConfigurationPlatforms) = postSolution
		{C6695DD1-559A-4F56-9091-D6953D55922D}.Debug|Any CPU.ActiveCfg = Debug|Any CPU
		{C6695DD1-559A-4F56-9091-D6953D55922D}.Debug|Any CPU.Build.0 = Debug|Any CPU
		{C6695DD1-559A-4F56-9091-D6953D55922D}.Release|Any CPU.ActiveCfg = Release|Any CPU
		{C6695DD1-559A-4F56-9091-D6953D55922D}.Release|Any CPU.Build.0 = Release|Any CPU
		{5CAF5D73-B77F-4368-91C8-6280F5D3E8A4}.Debug|Any CPU.ActiveCfg = Debug|Any CPU
		{5CAF5D73-B77F-4368-91C8-6280F5D3E8A4}.Debug|Any CPU.Build.0 = Debug|Any CPU
		{5CAF5D73-B77F-4368-91C8-6280F5D3E8A4}.Release|Any CPU.ActiveCfg = Release|Any CPU
		{5CAF5D73-B77F-4368-91C8-6280F5D3E8A4}.Release|Any CPU.Build.0 = Release|Any CPU
		{C0B0465B-B3B8-4F53-8812-B8A870A1EF69}.Debug|Any CPU.ActiveCfg = Debug|Any CPU
		{C0B0465B-B3B8-4F53-8812-B8A870A1EF69}.Debug|Any CPU.Build.0 = Debug|Any CPU
		{C0B0465B-B3B8-4F53-8812-B8A870A1EF69}.Release|Any CPU.ActiveCfg = Release|Any CPU
		{C0B0465B-B3B8-4F53-8812-B8A870A1EF69}.Release|Any CPU.Build.0 = Release|Any CPU
		{2891B73E-C529-4D1F-837D-185240B5FF5A}.Debug|Any CPU.ActiveCfg = Debug|Any CPU
		{2891B73E-C529-4D1F-837D-185240B5FF5A}.Debug|Any CPU.Build.0 = Debug|Any CPU
		{2891B73E-C529-4D1F-837D-185240B5FF5A}.Release|Any CPU.ActiveCfg = Release|Any CPU
		{2891B73E-C529-4D1F-837D-185240B5FF5A}.Release|Any CPU.Build.0 = Release|Any CPU
	EndGlobalSection
EndGlobal
